
Microsoft Visual Studio Solution File, Format Version 12.00
# Visual Studio Version 16
VisualStudioVersion = 16.0.30517.126
MinimumVisualStudioVersion = 10.0.40219.1
Project("{FAE04EC0-301F-11D3-BF4B-00C04F79EFBC}") = "Personnes", "Personnes\Personnes.csproj", "{4C1B465E-C000-458C-97C2-448A8D64CA5B}"
EndProject
Project("{FAE04EC0-301F-11D3-BF4B-00C04F79EFBC}") = "SociétéTableau", "SociétéTableau\SociétéTableau.csproj", "{03215AEC-9A99-4F4E-9690-AA3245347366}"
EndProject
Project("{FAE04EC0-301F-11D3-BF4B-00C04F79EFBC}") = "SociétéListe", "SociétéListe\SociétéListe.csproj", "{A7320C62-4C9B-4109-B6AB-CAA5CDAF990A}"
EndProject
Project("{FAE04EC0-301F-11D3-BF4B-00C04F79EFBC}") = "SociétéEnumération", "SociétéEnumération\SociétéEnumération.csproj", "{4D21A31A-DCBD-481B-87C3-1712070C0D25}"
EndProject
Global
	GlobalSection(SolutionConfigurationPlatforms) = preSolution
		Debug|Any CPU = Debug|Any CPU
		Release|Any CPU = Release|Any CPU
	EndGlobalSection
	GlobalSection(ProjectConfigurationPlatforms) = postSolution
		{4C1B465E-C000-458C-97C2-448A8D64CA5B}.Debug|Any CPU.ActiveCfg = Debug|Any CPU
		{4C1B465E-C000-458C-97C2-448A8D64CA5B}.Debug|Any CPU.Build.0 = Debug|Any CPU
		{4C1B465E-C000-458C-97C2-448A8D64CA5B}.Release|Any CPU.ActiveCfg = Release|Any CPU
		{4C1B465E-C000-458C-97C2-448A8D64CA5B}.Release|Any CPU.Build.0 = Release|Any CPU
		{03215AEC-9A99-4F4E-9690-AA3245347366}.Debug|Any CPU.ActiveCfg = Debug|Any CPU
		{03215AEC-9A99-4F4E-9690-AA3245347366}.Debug|Any CPU.Build.0 = Debug|Any CPU
		{03215AEC-9A99-4F4E-9690-AA3245347366}.Release|Any CPU.ActiveCfg = Release|Any CPU
		{03215AEC-9A99-4F4E-9690-AA3245347366}.Release|Any CPU.Build.0 = Release|Any CPU
		{A7320C62-4C9B-4109-B6AB-CAA5CDAF990A}.Debug|Any CPU.ActiveCfg = Debug|Any CPU
		{A7320C62-4C9B-4109-B6AB-CAA5CDAF990A}.Debug|Any CPU.Build.0 = Debug|Any CPU
		{A7320C62-4C9B-4109-B6AB-CAA5CDAF990A}.Release|Any CPU.ActiveCfg = Release|Any CPU
		{A7320C62-4C9B-4109-B6AB-CAA5CDAF990A}.Release|Any CPU.Build.0 = Release|Any CPU
		{4D21A31A-DCBD-481B-87C3-1712070C0D25}.Debug|Any CPU.ActiveCfg = Debug|Any CPU
		{4D21A31A-DCBD-481B-87C3-1712070C0D25}.Debug|Any CPU.Build.0 = Debug|Any CPU
		{4D21A31A-DCBD-481B-87C3-1712070C0D25}.Release|Any CPU.ActiveCfg = Release|Any CPU
		{4D21A31A-DCBD-481B-87C3-1712070C0D25}.Release|Any CPU.Build.0 = Release|Any CPU
	EndGlobalSection
	GlobalSection(SolutionProperties) = preSolution
		HideSolutionNode = FALSE
	EndGlobalSection
	GlobalSection(ExtensibilityGlobals) = postSolution
		SolutionGuid = {679EB669-469C-4415-95F6-61F3CB9B2E4C}
	EndGlobalSection
EndGlobal
